<?xml version="1.0" encoding="utf-8"?>
<Project ToolsVersion="4.0" xmlns="http://schemas.microsoft.com/developer/msbuild/2003">
  <ItemGroup>
    <Filter Include="Quelldateien">
      <UniqueIdentifier>{4FC737F1-C7A5-4376-A066-2A32D752A2FF}</UniqueIdentifier>
      <Extensions>cpp;c;cc;cxx;c++;cppm;ixx;def;odl;idl;hpj;bat;asm;asmx</Extensions>
    </Filter>
    <Filter Include="Headerdateien">
      <UniqueIdentifier>{93995380-89BD-4b04-88EB-625FBE52EBFB}</UniqueIdentifier>
      <Extensions>h;hh;hpp;hxx;h++;hm;inl;inc;ipp;xsd</Extensions>
    </Filter>
    <Filter Include="Ressourcendateien">
      <UniqueIdentifier>{67DA6AB6-F800-4c08-8B7A-83BB121AAD01}</UniqueIdentifier>
      <Extensions>rc;ico;cur;bmp;dlg;rc2;rct;bin;rgs;gif;jpg;jpeg;jpe;resx;tiff;tif;png;wav;mfcribbon-ms</Extensions>
    </Filter>
  </ItemGroup>
  <ItemGroup>
    <ClCompile Include="Engine.cpp">
      <Filter>Quelldateien</Filter>
    </ClCompile>
    <ClCompile Include="gas\Gas.cpp">
      <Filter>Quelldateien</Filter>
    </ClCompile>
    <ClCompile Include="main.cpp">
      <Filter>Quelldateien</Filter>
    </ClCompile>
    <ClCompile Include="events\SendWorldMessageEvent.cpp">
      <Filter>Quelldateien</Filter>
    </ClCompile>
    <ClCompile Include="go\Go.cpp">
      <Filter>Quelldateien</Filter>
    </ClCompile>
    <ClCompile Include="go\GoActor.cpp">
      <Filter>Quelldateien</Filter>
    </ClCompile>
    <ClCompile Include="go\GoAspect.cpp">
      <Filter>Quelldateien</Filter>
    </ClCompile>
    <ClCompile Include="go\GoAttack.cpp">
      <Filter>Quelldateien</Filter>
    </ClCompile>
    <ClCompile Include="go\GoBody.cpp">
      <Filter>Quelldateien</Filter>
    </ClCompile>
    <ClCompile Include="go\GoCommon.cpp">
      <Filter>Quelldateien</Filter>
    </ClCompile>
    <ClCompile Include="go\GoComponent.cpp">
      <Filter>Quelldateien</Filter>
    </ClCompile>
    <ClCompile Include="go\GoDb.cpp">
      <Filter>Quelldateien</Filter>
    </ClCompile>
    <ClCompile Include="go\GoDefend.cpp">
      <Filter>Quelldateien</Filter>
    </ClCompile>
    <ClCompile Include="go\GoInventory.cpp">
      <Filter>Quelldateien</Filter>
    </ClCompile>
    <ClCompile Include="go\GoMagic.cpp">
      <Filter>Quelldateien</Filter>
    </ClCompile>
    <ClCompile Include="go\GoMind.cpp">
      <Filter>Quelldateien</Filter>
    </ClCompile>
    <ClCompile Include="go\GoPlacement.cpp">
      <Filter>Quelldateien</Filter>
    </ClCompile>
    <ClCompile Include="go\GoScriptComponent.cpp">
      <Filter>Quelldateien</Filter>
    </ClCompile>
    <ClCompile Include="map\Node.cpp">
      <Filter>Quelldateien</Filter>
    </ClCompile>
    <ClCompile Include="map\Region.cpp">
      <Filter>Quelldateien</Filter>
    </ClCompile>
    <ClCompile Include="map\WorldMap.cpp">
      <Filter>Quelldateien</Filter>
    </ClCompile>
    <ClCompile Include="msg\WorldMessage.cpp">
      <Filter>Quelldateien</Filter>
    </ClCompile>
    <ClCompile Include="net\Connection.cpp">
      <Filter>Quelldateien</Filter>
    </ClCompile>
    <ClCompile Include="net\ListeningSocket.cpp">
      <Filter>Quelldateien</Filter>
    </ClCompile>
    <ClCompile Include="net\Network.cpp">
      <Filter>Quelldateien</Filter>
    </ClCompile>
    <ClCompile Include="net\Packet.cpp">
      <Filter>Quelldateien</Filter>
    </ClCompile>
    <ClCompile Include="scripts\Player.cpp">
      <Filter>Quelldateien</Filter>
    </ClCompile>
    <ClCompile Include="server\Account.cpp">
      <Filter>Quelldateien</Filter>
    </ClCompile>
    <ClCompile Include="server\Server.cpp">
      <Filter>Quelldateien</Filter>
    </ClCompile>
    <ClCompile Include="xml\Xml.cpp">
      <Filter>Quelldateien</Filter>
    </ClCompile>
    <ClCompile Include="Helper\Helper.cpp">
      <Filter>Quelldateien</Filter>
    </ClCompile>
    <ClCompile Include="utils\AIQuery.cpp">
      <Filter>Quelldateien</Filter>
    </ClCompile>
    <ClCompile Include="helper\CurrentTime.cpp">
      <Filter>Quelldateien</Filter>
    </ClCompile>
    <ClCompile Include="helper\Log.cpp">
      <Filter>Quelldateien</Filter>
    </ClCompile>
    <ClCompile Include="platform\windows\WinSockApi.cpp">
      <Filter>Quelldateien</Filter>
    </ClCompile>
    <ClCompile Include="xml\XmlCleanupGuard.cpp">
      <Filter>Quelldateien</Filter>
    </ClCompile>
    <ClCompile Include="go\GoGui.cpp">
      <Filter>Quelldateien</Filter>
    </ClCompile>
  </ItemGroup>
  <ItemGroup>
    <ClInclude Include="Engine.hpp">
      <Filter>Headerdateien</Filter>
    </ClInclude>
    <ClInclude Include="gas\Gas.hpp">
      <Filter>Headerdateien</Filter>
    </ClInclude>
    <ClInclude Include="InGame.hpp">
      <Filter>Headerdateien</Filter>
    </ClInclude>
    <ClInclude Include="MainMenu.hpp">
      <Filter>Headerdateien</Filter>
    </ClInclude>
    <ClInclude Include="Common.h">
      <Filter>Headerdateien</Filter>
    </ClInclude>
    <ClInclude Include="enum\eActorAlignment.hpp">
      <Filter>Headerdateien</Filter>
    </ClInclude>
    <ClInclude Include="enum\eAttackClass.hpp">
      <Filter>Headerdateien</Filter>
    </ClInclude>
    <ClInclude Include="enum\eDefendClass.hpp">
      <Filter>Headerdateien</Filter>
    </ClInclude>
    <ClInclude Include="enum\eEquipSlot.hpp">
      <Filter>Headerdateien</Filter>
    </ClInclude>
    <ClInclude Include="enum\eInventoryLocation.hpp">
      <Filter>Headerdateien</Filter>
    </ClInclude>
    <ClInclude Include="enum\eJobAbstractType.hpp">
      <Filter>Headerdateien</Filter>
    </ClInclude>
    <ClInclude Include="enum\eLifeState.hpp">
      <Filter>Headerdateien</Filter>
    </ClInclude>
    <ClInclude Include="enum\eMagicClass.hpp">
      <Filter>Headerdateien</Filter>
    </ClInclude>
    <ClInclude Include="enum\eTargetTypeFlags.hpp">
      <Filter>Headerdateien</Filter>
    </ClInclude>
    <ClInclude Include="enum\eWorldEvent.hpp">
      <Filter>Headerdateien</Filter>
    </ClInclude>
    <ClInclude Include="events\Event.hpp">
      <Filter>Headerdateien</Filter>
    </ClInclude>
    <ClInclude Include="events\SendWorldMessageEvent.hpp">
      <Filter>Headerdateien</Filter>
    </ClInclude>
    <ClInclude Include="go\Go.hpp">
      <Filter>Headerdateien</Filter>
    </ClInclude>
    <ClInclude Include="go\GoActor.hpp">
      <Filter>Headerdateien</Filter>
    </ClInclude>
    <ClInclude Include="go\GoAspect.hpp">
      <Filter>Headerdateien</Filter>
    </ClInclude>
    <ClInclude Include="go\GoAttack.hpp">
      <Filter>Headerdateien</Filter>
    </ClInclude>
    <ClInclude Include="go\GoBody.hpp">
      <Filter>Headerdateien</Filter>
    </ClInclude>
    <ClInclude Include="go\GoCommon.hpp">
      <Filter>Headerdateien</Filter>
    </ClInclude>
    <ClInclude Include="go\GoComponent.hpp">
      <Filter>Headerdateien</Filter>
    </ClInclude>
    <ClInclude Include="go\GoDb.hpp">
      <Filter>Headerdateien</Filter>
    </ClInclude>
    <ClInclude Include="go\GoDefend.hpp">
      <Filter>Headerdateien</Filter>
    </ClInclude>
    <ClInclude Include="go\GoInventory.hpp">
      <Filter>Headerdateien</Filter>
    </ClInclude>
    <ClInclude Include="go\GoMagic.hpp">
      <Filter>Headerdateien</Filter>
    </ClInclude>
    <ClInclude Include="go\GoMind.h">
      <Filter>Headerdateien</Filter>
    </ClInclude>
    <ClInclude Include="go\GoPlacement.hpp">
      <Filter>Headerdateien</Filter>
    </ClInclude>
    <ClInclude Include="go\GopSet.hpp">
      <Filter>Headerdateien</Filter>
    </ClInclude>
    <ClInclude Include="go\GoScriptComponent.hpp">
      <Filter>Headerdateien</Filter>
    </ClInclude>
    <ClInclude Include="go\Skill.hpp">
      <Filter>Headerdateien</Filter>
    </ClInclude>
    <ClInclude Include="map\Node.h">
      <Filter>Headerdateien</Filter>
    </ClInclude>
    <ClInclude Include="map\Region.h">
      <Filter>Headerdateien</Filter>
    </ClInclude>
    <ClInclude Include="map\WorldMap.h">
      <Filter>Headerdateien</Filter>
    </ClInclude>
    <ClInclude Include="msg\WorldMessage.h">
      <Filter>Headerdateien</Filter>
    </ClInclude>
    <ClInclude Include="net\Connection.hpp">
      <Filter>Headerdateien</Filter>
    </ClInclude>
    <ClInclude Include="net\ListeningSocket.hpp">
      <Filter>Headerdateien</Filter>
    </ClInclude>
    <ClInclude Include="net\Network.hpp">
      <Filter>Headerdateien</Filter>
    </ClInclude>
    <ClInclude Include="net\Packet.h">
      <Filter>Headerdateien</Filter>
    </ClInclude>
    <ClInclude Include="net\packets.hpp">
      <Filter>Headerdateien</Filter>
    </ClInclude>
    <ClInclude Include="net\WorldState.hpp">
      <Filter>Headerdateien</Filter>
    </ClInclude>
    <ClInclude Include="scripts\Player.hpp">
      <Filter>Headerdateien</Filter>
    </ClInclude>
    <ClInclude Include="scripts\test_script.hpp">
      <Filter>Headerdateien</Filter>
    </ClInclude>
    <ClInclude Include="server\Account.hpp">
      <Filter>Headerdateien</Filter>
    </ClInclude>
    <ClInclude Include="server\Server.hpp">
      <Filter>Headerdateien</Filter>
    </ClInclude>
    <ClInclude Include="xml\Xml.h">
      <Filter>Headerdateien</Filter>
    </ClInclude>
    <ClInclude Include="Helper\Helper.h">
      <Filter>Headerdateien</Filter>
    </ClInclude>
    <ClInclude Include="utils\AIQuery.h">
      <Filter>Headerdateien</Filter>
    </ClInclude>
    <ClInclude Include="helper\CurrentTime.hpp">
      <Filter>Headerdateien</Filter>
    </ClInclude>
    <ClInclude Include="helper\Log.h">
      <Filter>Headerdateien</Filter>
    </ClInclude>
    <ClInclude Include="platform\Platform.h">
      <Filter>Headerdateien</Filter>
    </ClInclude>
    <ClInclude Include="helper\SiegePos.h">
      <Filter>Headerdateien</Filter>
    </ClInclude>
    <ClInclude Include="helper\vector_3.h">
      <Filter>Headerdateien</Filter>
    </ClInclude>
    <ClInclude Include="platform\windows\WinSockApi.h">
      <Filter>Headerdateien</Filter>
    </ClInclude>
    <ClInclude Include="xml\XmlCleanupGuard.h">
      <Filter>Headerdateien</Filter>
    </ClInclude>
    <ClInclude Include="go\GoGui.h">
      <Filter>Headerdateien</Filter>
    </ClInclude>
    <ClInclude Include="Globals.h">
      <Filter>Headerdateien</Filter>
    </ClInclude>
  </ItemGroup>
</Project>